
Microsoft Visual Studio Solution File, Format Version 12.00
# Visual Studio Version 17
VisualStudioVersion = 17.0.32014.148
MinimumVisualStudioVersion = 10.0.40219.1
Project("{FAE04EC0-301F-11D3-BF4B-00C04F79EFBC}") = "homeworkLesson3", "homeworkLesson3\homeworkLesson3.csproj", "{74A55A43-B8E9-430B-A133-1CB714D5DD93}"
EndProject
Global
	GlobalSection(SolutionConfigurationPlatforms) = preSolution
		Debug|Any CPU = Debug|Any CPU
		Release|Any CPU = Release|Any CPU
	EndGlobalSection
	GlobalSection(ProjectConfigurationPlatforms) = postSolution
		{74A55A43-B8E9-430B-A133-1CB714D5DD93}.Debug|Any CPU.ActiveCfg = Debug|Any CPU
		{74A55A43-B8E9-430B-A133-1CB714D5DD93}.Debug|Any CPU.Build.0 = Debug|Any CPU
		{74A55A43-B8E9-430B-A133-1CB714D5DD93}.Release|Any CPU.ActiveCfg = Release|Any CPU
		{74A55A43-B8E9-430B-A133-1CB714D5DD93}.Release|Any CPU.Build.0 = Release|Any CPU
	EndGlobalSection
	GlobalSection(SolutionProperties) = preSolution
		HideSolutionNode = FALSE
	EndGlobalSection
	GlobalSection(ExtensibilityGlobals) = postSolution
		SolutionGuid = {F77E1845-6964-4DB4-B49A-52305A5EE95E}
	EndGlobalSection
EndGlobal
